{
  "version": 4,
  "terraform_version": "1.12.2",
  "serial": 1,
  "lineage": "9f53cd2e-c937-77ac-f596-cf7843765247",
  "outputs": {},
  "resources": [
    {
      "mode": "managed",
      "type": "local_file",
      "name": "my_file",
      "provider": "provider[\"registry.terraform.io/hashicorp/local\"]",
      "instances": [
        {
          "schema_version": 0,
          "attributes": {
            "content": "kartik pawar",
            "content_base64": null,
            "content_base64sha256": "PmjwynpCqL2z3wwc3kKsvxDI1oXERkq98Ily2dNtyjk=",
            "content_base64sha512": "Y41vQrykdIq5nYOg3OC40GlamYM2+9+C6z9MJYaQbGyQg+b38T9cZmyfzJvjvnCr2HtqfVCc1/602m2vVbPpwA==",
            "content_md5": "b30930a959fa927cbb09b7bcb527720d",
            "content_sha1": "814cf82f6766c4830d1b07720add2f83d5674196",
            "content_sha256": "3e68f0ca7a42a8bdb3df0c1cde42acbf10c8d685c4464abdf08972d9d36dca39",
            "content_sha512": "638d6f42bca4748ab99d83a0dce0b8d0695a998336fbdf82eb3f4c2586906c6c9083e6f7f13f5c666c9fcc9be3be70abd87b6a7d509cd7feb4da6daf55b3e9c0",
            "directory_permission": "0777",
            "file_permission": "0777",
            "filename": "automate.txt",
            "id": "814cf82f6766c4830d1b07720add2f83d5674196",
            "sensitive_content": null,
            "source": null
          },
          "sensitive_attributes": [
            [
              {
                "type": "get_attr",
                "value": "sensitive_content"
              }
            ]
          ],
          "identity_schema_version": 0
        }
      ]
    }
  ],
  "check_results": null
}
